
Microsoft Visual Studio Solution File, Format Version 12.00
# Visual Studio Version 16
VisualStudioVersion = 16.0.31729.503
MinimumVisualStudioVersion = 10.0.40219.1
Project("{FAE04EC0-301F-11D3-BF4B-00C04F79EFBC}") = "Pusok_Beata_ProiectFilm", "Pusok_Beata_ProiectFilm.csproj", "{78F71FA0-10C6-40EA-B996-48917D5658F5}"
EndProject
Global
	GlobalSection(SolutionConfigurationPlatforms) = preSolution
		Debug|Any CPU = Debug|Any CPU
		Release|Any CPU = Release|Any CPU
	EndGlobalSection
	GlobalSection(ProjectConfigurationPlatforms) = postSolution
		{78F71FA0-10C6-40EA-B996-48917D5658F5}.Debug|Any CPU.ActiveCfg = Debug|Any CPU
		{78F71FA0-10C6-40EA-B996-48917D5658F5}.Debug|Any CPU.Build.0 = Debug|Any CPU
		{78F71FA0-10C6-40EA-B996-48917D5658F5}.Release|Any CPU.ActiveCfg = Release|Any CPU
		{78F71FA0-10C6-40EA-B996-48917D5658F5}.Release|Any CPU.Build.0 = Release|Any CPU
	EndGlobalSection
	GlobalSection(SolutionProperties) = preSolution
		HideSolutionNode = FALSE
	EndGlobalSection
	GlobalSection(ExtensibilityGlobals) = postSolution
		SolutionGuid = {FDA6F295-D02E-4362-A972-2CA7B84A2292}
	EndGlobalSection
EndGlobal
